<Solution>
  <Project Path="MaterialManageSystem.Admin/MaterialManageSystem.Admin.csproj" />
  <Project Path="MaterialManageSystem.Api/MaterialManageSystem.Api.csproj" />
  <Project Path="MaterialManageSystem.Core/MaterialManageSystem.Core.csproj" />
  <Project Path="MaterialManageSystem.Infrastructure/MaterialManageSystem.Infrastructure.csproj" />
</Solution>
